name: "Update flake.lock"
on:
  workflow_dispatch: # allows manual triggering
  schedule:
    - cron: "0 7 * * *"

permissions:
  pull-requests: write

jobs:
  lockfile:
    runs-on: ubuntu-latest
    environment: automation
    steps:
      - uses: actions/create-github-app-token@v2
        id: app-token
        with:
          app-id: ${{ vars.APP_ID }}
          private-key: ${{ secrets.PRIVATE_KEY }}
      - uses: actions/checkout@v5
        with:
          token: ${{ steps.app-token.outputs.token }}
          persist-credentials: false
      - name: "Install Nix"
        uses: DeterminateSystems/determinate-nix-action@v3
        with:
          github-token: ${{ steps.app-token.outputs.token }}
      - name: Update flake inputs
        run: nix flake update --accept-flake-config
      - name: Create Pull Request
        uses: peter-evans/create-pull-request@v7
        with:
          token: ${{ steps.app-token.outputs.token }}
          title: "Update flake.lock"
          commit-message: "build(flake.lock): update flake.lock"
          sign-commits: true
          delete-branch: true
          body: Automatically updating flake inputs
